# Generated by move; do not edit
# This file should be checked in.

[move]
version = 4

[pinned.mainnet.MoveStdlib]
source = { git = "https://github.com/MystenLabs/sui.git", subdir = "crates/sui-framework/packages/move-stdlib", rev = "3c0f387ebb40b8be292d3b7bd3f5bee8ad226d33" }
use_environment = "mainnet"
manifest_digest = "C4FE4C91DE74CBF223B2E380AE40F592177D21870DC2D7EB6227D2D694E05363"
deps = {}

[pinned.mainnet.MoveStdlib_1]
source = { git = "https://github.com/MystenLabs/sui.git", subdir = "crates/sui-framework/packages/move-stdlib", rev = "c7566e601c9a64154850c1cb074a90d7fc11bba4" }
use_environment = "mainnet"
manifest_digest = "C4FE4C91DE74CBF223B2E380AE40F592177D21870DC2D7EB6227D2D694E05363"
deps = {}

[pinned.mainnet.MoveStdlib_2]
source = { git = "https://github.com/MystenLabs/sui.git", subdir = "crates/sui-framework/packages/move-stdlib", rev = "03cf0fbaa21f4697ba40b17ff0cfb58377a50a45" }
use_environment = "mainnet"
manifest_digest = "C4FE4C91DE74CBF223B2E380AE40F592177D21870DC2D7EB6227D2D694E05363"
deps = {}

[pinned.mainnet.Sui]
source = { git = "https://github.com/MystenLabs/sui.git", subdir = "crates/sui-framework/packages/sui-framework", rev = "3c0f387ebb40b8be292d3b7bd3f5bee8ad226d33" }
use_environment = "mainnet"
manifest_digest = "CD547CB1ACCE0880C835DAED2D8FFCB91D56C833AE5240D3AA5B918398263195"
deps = { MoveStdlib = "MoveStdlib" }

[pinned.mainnet.Sui_1]
source = { git = "https://github.com/MystenLabs/sui.git", subdir = "crates/sui-framework/packages/sui-framework", rev = "c7566e601c9a64154850c1cb074a90d7fc11bba4" }
use_environment = "mainnet"
manifest_digest = "CD547CB1ACCE0880C835DAED2D8FFCB91D56C833AE5240D3AA5B918398263195"
deps = { MoveStdlib = "MoveStdlib_1" }

[pinned.mainnet.Sui_2]
source = { git = "https://github.com/MystenLabs/sui.git", subdir = "crates/sui-framework/packages/sui-framework", rev = "03cf0fbaa21f4697ba40b17ff0cfb58377a50a45" }
use_environment = "mainnet"
manifest_digest = "CD547CB1ACCE0880C835DAED2D8FFCB91D56C833AE5240D3AA5B918398263195"
deps = { MoveStdlib = "MoveStdlib_2" }

[pinned.mainnet.sbets_token]
source = { local = "sbets_token" }
use_environment = "mainnet"
manifest_digest = "955FCA342E02A00A825FFA3BF2DA695D75404D6C6EFC87B514F4238D4BB97B08"
deps = { Sui = "Sui_1" }

[pinned.mainnet.suibets]
source = { root = true }
use_environment = "mainnet"
manifest_digest = "AC8712AE81C61AB77AB3605B10AB1983F241C254B56FD7272A750CDBEA1941AE"
deps = { Sui = "Sui", sbets_token = "sbets_token", usdsui_stub = "usdsui_stub" }

[pinned.mainnet.usdsui_stub]
source = { local = "usdsui_stub" }
use_environment = "mainnet"
manifest_digest = "FF6348C9A0D637B846E9C6D3F83626872FB6E1207FD5C3A600EA453E0E8AD5A4"
deps = { Sui = "Sui_2" }
