# Generated by move; do not edit
# This file should be checked in.

[move]
version = 4

[pinned.mainnet.MoveStdlib]
source = { git = "https://github.com/MystenLabs/sui.git", subdir = "crates/sui-framework/packages/move-stdlib", rev = "3c0f387ebb40b8be292d3b7bd3f5bee8ad226d33" }
use_environment = "mainnet"
manifest_digest = "C4FE4C91DE74CBF223B2E380AE40F592177D21870DC2D7EB6227D2D694E05363"
deps = {}

[pinned.mainnet.MoveStdlib_1]
source = { git = "https://github.com/MystenLabs/sui.git", subdir = "crates/sui-framework/packages/move-stdlib", rev = "c7566e601c9a64154850c1cb074a90d7fc11bba4" }
use_environment = "mainnet"
manifest_digest = "C4FE4C91DE74CBF223B2E380AE40F592177D21870DC2D7EB6227D2D694E05363"
deps = {}

[pinned.mainnet.MoveStdlib_2]
source = { git = "https://github.com/MystenLabs/sui.git", subdir = "crates/sui-framework/packages/move-stdlib", rev = "03cf0fbaa21f4697ba40b17ff0cfb58377a50a45" }
use_environment = "mainnet"
manifest_digest = "C4FE4C91DE74CBF223B2E380AE40F592177D21870DC2D7EB6227D2D694E05363"
deps = {}

[pinned.mainnet.Sui]
source = { git = "https://github.com/MystenLabs/sui.git", subdir = "crates/sui-framework/packages/sui-framework", rev = "3c0f387ebb40b8be292d3b7bd3f5bee8ad226d33" }
use_environment = "mainnet"
manifest_digest = "CD547CB1ACCE0880C835DAED2D8FFCB91D56C833AE5240D3AA5B918398263195"
deps = { MoveStdlib = "MoveStdlib" }

[pinned.mainnet.Sui_1]
source = { git = "https://github.com/MystenLabs/sui.git", subdir = "crates/sui-framework/packages/sui-framework", rev = "c7566e601c9a64154850c1cb074a90d7fc11bba4" }
use_environment = "mainnet"
manifest_digest = "CD547CB1ACCE0880C835DAED2D8FFCB91D56C833AE5240D3AA5B918398263195"
deps = { MoveStdlib = "MoveStdlib_1" }

[pinned.mainnet.Sui_2]
source = { git = "https://github.com/MystenLabs/sui.git", subdir = "crates/sui-framework/packages/sui-framework", rev = "03cf0fbaa21f4697ba40b17ff0cfb58377a50a45" }
use_environment = "mainnet"
manifest_digest = "CD547CB1ACCE0880C835DAED2D8FFCB91D56C833AE5240D3AA5B918398263195"
deps = { MoveStdlib = "MoveStdlib_2" }

[pinned.mainnet.prediction_market]
source = { root = true }
use_environment = "mainnet"
manifest_digest = "5450AE45459FD278A24ED396870A9B59A902FFED7510339EB239BD76C5BF1630"
deps = { Sui = "Sui", sbets_token = "sbets_token", usdsui_stub = "usdsui_stub" }

[pinned.mainnet.sbets_token]
source = { local = "../../move-upgrade/sbets_token" }
use_environment = "mainnet"
manifest_digest = "955FCA342E02A00A825FFA3BF2DA695D75404D6C6EFC87B514F4238D4BB97B08"
deps = { Sui = "Sui_1" }

[pinned.mainnet.usdsui_stub]
source = { local = "../../move-upgrade/usdsui_stub" }
use_environment = "mainnet"
manifest_digest = "FF6348C9A0D637B846E9C6D3F83626872FB6E1207FD5C3A600EA453E0E8AD5A4"
deps = { Sui = "Sui_2" }

[pinned.testnet.MoveStdlib]
source = { git = "https://github.com/MystenLabs/sui.git", subdir = "crates/sui-framework/packages/move-stdlib", rev = "3c0f387ebb40b8be292d3b7bd3f5bee8ad226d33" }
use_environment = "testnet"
manifest_digest = "C4FE4C91DE74CBF223B2E380AE40F592177D21870DC2D7EB6227D2D694E05363"
deps = {}

[pinned.testnet.MoveStdlib_1]
source = { git = "https://github.com/MystenLabs/sui.git", subdir = "crates/sui-framework/packages/move-stdlib", rev = "c7566e601c9a64154850c1cb074a90d7fc11bba4" }
use_environment = "testnet"
manifest_digest = "C4FE4C91DE74CBF223B2E380AE40F592177D21870DC2D7EB6227D2D694E05363"
deps = {}

[pinned.testnet.MoveStdlib_2]
source = { git = "https://github.com/MystenLabs/sui.git", subdir = "crates/sui-framework/packages/move-stdlib", rev = "03cf0fbaa21f4697ba40b17ff0cfb58377a50a45" }
use_environment = "testnet"
manifest_digest = "C4FE4C91DE74CBF223B2E380AE40F592177D21870DC2D7EB6227D2D694E05363"
deps = {}

[pinned.testnet.Sui]
source = { git = "https://github.com/MystenLabs/sui.git", subdir = "crates/sui-framework/packages/sui-framework", rev = "3c0f387ebb40b8be292d3b7bd3f5bee8ad226d33" }
use_environment = "testnet"
manifest_digest = "7AFB66695545775FBFBB2D3078ADFD084244D5002392E837FDE21D9EA1C6D01C"
deps = { MoveStdlib = "MoveStdlib" }

[pinned.testnet.Sui_1]
source = { git = "https://github.com/MystenLabs/sui.git", subdir = "crates/sui-framework/packages/sui-framework", rev = "c7566e601c9a64154850c1cb074a90d7fc11bba4" }
use_environment = "testnet"
manifest_digest = "7AFB66695545775FBFBB2D3078ADFD084244D5002392E837FDE21D9EA1C6D01C"
deps = { MoveStdlib = "MoveStdlib_1" }

[pinned.testnet.Sui_2]
source = { git = "https://github.com/MystenLabs/sui.git", subdir = "crates/sui-framework/packages/sui-framework", rev = "03cf0fbaa21f4697ba40b17ff0cfb58377a50a45" }
use_environment = "testnet"
manifest_digest = "7AFB66695545775FBFBB2D3078ADFD084244D5002392E837FDE21D9EA1C6D01C"
deps = { MoveStdlib = "MoveStdlib_2" }

[pinned.testnet.prediction_market]
source = { root = true }
use_environment = "testnet"
manifest_digest = "441ABDE43E9621DF346F076AF385361849038DDF7251B7A21D2E9D47B9A4F6CE"
deps = { Sui = "Sui", sbets_token = "sbets_token", usdsui_stub = "usdsui_stub" }

[pinned.testnet.sbets_token]
source = { local = "../../move-upgrade/sbets_token" }
use_environment = "testnet"
manifest_digest = "B8BE5A81DC038C8DD90700CBB2A3441108536A5879FAE3232293F51D22CD476F"
deps = { Sui = "Sui_1" }

[pinned.testnet.usdsui_stub]
source = { local = "../../move-upgrade/usdsui_stub" }
use_environment = "testnet"
manifest_digest = "F59A5DB639CDE83A9969D390B614EE1EDB6947AA0B0EAC92C00D1E793269AB5B"
deps = { Sui = "Sui_2" }
